
Microsoft Visual Studio Solution File, Format Version 10.00
# Visual Studio 2008
Project("{8BC9CEB8-8B4A-11D0-8D11-00A0C91BC942}") = "getAcquiredData", "GetAcquiredData\GetAcquiredData.vcproj", "{1588ACB3-32CD-4A95-9976-2F274D9534DF}"
EndProject
Project("{8BC9CEB8-8B4A-11D0-8D11-00A0C91BC942}") = "getOldestImage", "GetOldestImage\GetOldestImage.vcproj", "{F1C8EBCA-CB1C-4155-AF8E-4E00122D7656}"
EndProject
Project("{8BC9CEB8-8B4A-11D0-8D11-00A0C91BC942}") = "getMostRecentImage", "GetMostRecentImage\GetMostRecentImage.vcproj", "{F26C1D8C-B4E6-4FAF-B7C8-551147DA8C40}"
EndProject
Project("{8BC9CEB8-8B4A-11D0-8D11-00A0C91BC942}") = "registerEventCallback", "registerEventCallbackMEX\registerEventCallbackMEX.vcproj", "{FB3D751C-3EA1-47CF-A076-C6C60C4F8F92}"
EndProject
Global
	GlobalSection(SolutionConfigurationPlatforms) = preSolution
		Debug|Win32 = Debug|Win32
		MATLAB 2009b - Andor SDK 2.87|Win32 = MATLAB 2009b - Andor SDK 2.87|Win32
		MATLAB 2010a - Andor SDK 2.87|Win32 = MATLAB 2010a - Andor SDK 2.87|Win32
		Release|Win32 = Release|Win32
	EndGlobalSection
	GlobalSection(ProjectConfigurationPlatforms) = postSolution
		{1588ACB3-32CD-4A95-9976-2F274D9534DF}.Debug|Win32.ActiveCfg = Debug|Win32
		{1588ACB3-32CD-4A95-9976-2F274D9534DF}.Debug|Win32.Build.0 = Debug|Win32
		{1588ACB3-32CD-4A95-9976-2F274D9534DF}.MATLAB 2009b - Andor SDK 2.87|Win32.ActiveCfg = MATLAB 2009b - Andor SDK 2.87|Win32
		{1588ACB3-32CD-4A95-9976-2F274D9534DF}.MATLAB 2009b - Andor SDK 2.87|Win32.Build.0 = MATLAB 2009b - Andor SDK 2.87|Win32
		{1588ACB3-32CD-4A95-9976-2F274D9534DF}.MATLAB 2010a - Andor SDK 2.87|Win32.ActiveCfg = MATLAB 2010a - Andor SDK 2.87|Win32
		{1588ACB3-32CD-4A95-9976-2F274D9534DF}.MATLAB 2010a - Andor SDK 2.87|Win32.Build.0 = MATLAB 2010a - Andor SDK 2.87|Win32
		{1588ACB3-32CD-4A95-9976-2F274D9534DF}.Release|Win32.ActiveCfg = Release|Win32
		{1588ACB3-32CD-4A95-9976-2F274D9534DF}.Release|Win32.Build.0 = Release|Win32
		{F1C8EBCA-CB1C-4155-AF8E-4E00122D7656}.Debug|Win32.ActiveCfg = Debug|Win32
		{F1C8EBCA-CB1C-4155-AF8E-4E00122D7656}.Debug|Win32.Build.0 = Debug|Win32
		{F1C8EBCA-CB1C-4155-AF8E-4E00122D7656}.MATLAB 2009b - Andor SDK 2.87|Win32.ActiveCfg = MATLAB 2009b - Andor SDK 2.87|Win32
		{F1C8EBCA-CB1C-4155-AF8E-4E00122D7656}.MATLAB 2009b - Andor SDK 2.87|Win32.Build.0 = MATLAB 2009b - Andor SDK 2.87|Win32
		{F1C8EBCA-CB1C-4155-AF8E-4E00122D7656}.MATLAB 2010a - Andor SDK 2.87|Win32.ActiveCfg = MATLAB 2010a - Andor SDK 2.87|Win32
		{F1C8EBCA-CB1C-4155-AF8E-4E00122D7656}.MATLAB 2010a - Andor SDK 2.87|Win32.Build.0 = MATLAB 2010a - Andor SDK 2.87|Win32
		{F1C8EBCA-CB1C-4155-AF8E-4E00122D7656}.Release|Win32.ActiveCfg = Release|Win32
		{F1C8EBCA-CB1C-4155-AF8E-4E00122D7656}.Release|Win32.Build.0 = Release|Win32
		{F26C1D8C-B4E6-4FAF-B7C8-551147DA8C40}.Debug|Win32.ActiveCfg = Debug|Win32
		{F26C1D8C-B4E6-4FAF-B7C8-551147DA8C40}.Debug|Win32.Build.0 = Debug|Win32
		{F26C1D8C-B4E6-4FAF-B7C8-551147DA8C40}.MATLAB 2009b - Andor SDK 2.87|Win32.ActiveCfg = MATLAB 2009b - Andor SDK 2.87|Win32
		{F26C1D8C-B4E6-4FAF-B7C8-551147DA8C40}.MATLAB 2009b - Andor SDK 2.87|Win32.Build.0 = MATLAB 2009b - Andor SDK 2.87|Win32
		{F26C1D8C-B4E6-4FAF-B7C8-551147DA8C40}.MATLAB 2010a - Andor SDK 2.87|Win32.ActiveCfg = MATLAB 2010a - Andor SDK 2.87|Win32
		{F26C1D8C-B4E6-4FAF-B7C8-551147DA8C40}.MATLAB 2010a - Andor SDK 2.87|Win32.Build.0 = MATLAB 2010a - Andor SDK 2.87|Win32
		{F26C1D8C-B4E6-4FAF-B7C8-551147DA8C40}.Release|Win32.ActiveCfg = Release|Win32
		{F26C1D8C-B4E6-4FAF-B7C8-551147DA8C40}.Release|Win32.Build.0 = Release|Win32
		{FB3D751C-3EA1-47CF-A076-C6C60C4F8F92}.Debug|Win32.ActiveCfg = Debug|Win32
		{FB3D751C-3EA1-47CF-A076-C6C60C4F8F92}.Debug|Win32.Build.0 = Debug|Win32
		{FB3D751C-3EA1-47CF-A076-C6C60C4F8F92}.MATLAB 2009b - Andor SDK 2.87|Win32.ActiveCfg = MATLAB 2009b - Andor SDK 2.87|Win32
		{FB3D751C-3EA1-47CF-A076-C6C60C4F8F92}.MATLAB 2009b - Andor SDK 2.87|Win32.Build.0 = MATLAB 2009b - Andor SDK 2.87|Win32
		{FB3D751C-3EA1-47CF-A076-C6C60C4F8F92}.MATLAB 2010a - Andor SDK 2.87|Win32.ActiveCfg = MATLAB 2010a - Andor SDK 2.87|Win32
		{FB3D751C-3EA1-47CF-A076-C6C60C4F8F92}.MATLAB 2010a - Andor SDK 2.87|Win32.Build.0 = MATLAB 2010a - Andor SDK 2.87|Win32
		{FB3D751C-3EA1-47CF-A076-C6C60C4F8F92}.Release|Win32.ActiveCfg = Release|Win32
		{FB3D751C-3EA1-47CF-A076-C6C60C4F8F92}.Release|Win32.Build.0 = Release|Win32
	EndGlobalSection
	GlobalSection(SolutionProperties) = preSolution
		HideSolutionNode = FALSE
	EndGlobalSection
EndGlobal
